
Microsoft Visual Studio Solution File, Format Version 12.00
# Visual Studio Version 17
VisualStudioVersion = 17.2.32630.192
MinimumVisualStudioVersion = 10.0.40219.1
Project("{FAE04EC0-301F-11D3-BF4B-00C04F79EFBC}") = "HomeWork9", "HomeWork9\HomeWork9.csproj", "{9C944926-BA6F-428F-B2EF-FD874B105EFF}"
EndProject
Global
	GlobalSection(SolutionConfigurationPlatforms) = preSolution
		Debug|Any CPU = Debug|Any CPU
		Release|Any CPU = Release|Any CPU
	EndGlobalSection
	GlobalSection(ProjectConfigurationPlatforms) = postSolution
		{9C944926-BA6F-428F-B2EF-FD874B105EFF}.Debug|Any CPU.ActiveCfg = Debug|Any CPU
		{9C944926-BA6F-428F-B2EF-FD874B105EFF}.Debug|Any CPU.Build.0 = Debug|Any CPU
		{9C944926-BA6F-428F-B2EF-FD874B105EFF}.Release|Any CPU.ActiveCfg = Release|Any CPU
		{9C944926-BA6F-428F-B2EF-FD874B105EFF}.Release|Any CPU.Build.0 = Release|Any CPU
	EndGlobalSection
	GlobalSection(SolutionProperties) = preSolution
		HideSolutionNode = FALSE
	EndGlobalSection
	GlobalSection(ExtensibilityGlobals) = postSolution
		SolutionGuid = {C03DA7D7-DB5B-41B5-B9BF-1CFE2149E8B4}
	EndGlobalSection
EndGlobal
